
Microsoft Visual Studio Solution File, Format Version 12.00
# Visual Studio Version 16
VisualStudioVersion = 16.0.31313.79
MinimumVisualStudioVersion = 10.0.40219.1
Project("{9A19103F-16F7-4668-BE54-9A1E7A4F7556}") = "Mafmax.AssetsProvider.Main", "Mafmax.AssetsProvider.Main\Mafmax.AssetsProvider.Main.csproj", "{7CD4922A-15E7-4600-BEC5-F6F5FA0BF438}"
EndProject
Project("{9A19103F-16F7-4668-BE54-9A1E7A4F7556}") = "Mafmax.AssetsProvider.DAL", "Mafmax.AssetsProvider.DAL\Mafmax.AssetsProvider.DAL.csproj", "{95C381F2-D25C-4F53-A4F6-4EB24489D555}"
EndProject
Project("{9A19103F-16F7-4668-BE54-9A1E7A4F7556}") = "Mafmax.AssetsProvider.DAL.Migrations", "Mafmax.AssetsProvider.DAL.Migrations\Mafmax.AssetsProvider.DAL.Migrations.csproj", "{36A7DFD7-B63F-4B2D-8844-E1ACC13E445D}"
EndProject
Project("{9A19103F-16F7-4668-BE54-9A1E7A4F7556}") = "Mafmax.AssetsProvider.BLL", "Mafmax.AssetsProvider.BLL\Mafmax.AssetsProvider.BLL.csproj", "{637C6A49-3EEB-4430-91D5-54EF497B1547}"
EndProject
Global
	GlobalSection(SolutionConfigurationPlatforms) = preSolution
		Debug|Any CPU = Debug|Any CPU
		Release|Any CPU = Release|Any CPU
	EndGlobalSection
	GlobalSection(ProjectConfigurationPlatforms) = postSolution
		{7CD4922A-15E7-4600-BEC5-F6F5FA0BF438}.Debug|Any CPU.ActiveCfg = Debug|Any CPU
		{7CD4922A-15E7-4600-BEC5-F6F5FA0BF438}.Debug|Any CPU.Build.0 = Debug|Any CPU
		{7CD4922A-15E7-4600-BEC5-F6F5FA0BF438}.Release|Any CPU.ActiveCfg = Release|Any CPU
		{7CD4922A-15E7-4600-BEC5-F6F5FA0BF438}.Release|Any CPU.Build.0 = Release|Any CPU
		{95C381F2-D25C-4F53-A4F6-4EB24489D555}.Debug|Any CPU.ActiveCfg = Debug|Any CPU
		{95C381F2-D25C-4F53-A4F6-4EB24489D555}.Debug|Any CPU.Build.0 = Debug|Any CPU
		{95C381F2-D25C-4F53-A4F6-4EB24489D555}.Release|Any CPU.ActiveCfg = Release|Any CPU
		{95C381F2-D25C-4F53-A4F6-4EB24489D555}.Release|Any CPU.Build.0 = Release|Any CPU
		{36A7DFD7-B63F-4B2D-8844-E1ACC13E445D}.Debug|Any CPU.ActiveCfg = Debug|Any CPU
		{36A7DFD7-B63F-4B2D-8844-E1ACC13E445D}.Debug|Any CPU.Build.0 = Debug|Any CPU
		{36A7DFD7-B63F-4B2D-8844-E1ACC13E445D}.Release|Any CPU.ActiveCfg = Release|Any CPU
		{36A7DFD7-B63F-4B2D-8844-E1ACC13E445D}.Release|Any CPU.Build.0 = Release|Any CPU
		{637C6A49-3EEB-4430-91D5-54EF497B1547}.Debug|Any CPU.ActiveCfg = Debug|Any CPU
		{637C6A49-3EEB-4430-91D5-54EF497B1547}.Debug|Any CPU.Build.0 = Debug|Any CPU
		{637C6A49-3EEB-4430-91D5-54EF497B1547}.Release|Any CPU.ActiveCfg = Release|Any CPU
		{637C6A49-3EEB-4430-91D5-54EF497B1547}.Release|Any CPU.Build.0 = Release|Any CPU
	EndGlobalSection
	GlobalSection(SolutionProperties) = preSolution
		HideSolutionNode = FALSE
	EndGlobalSection
	GlobalSection(ExtensibilityGlobals) = postSolution
		SolutionGuid = {B36D05D1-C6DE-40C7-BC18-8FCCF86950AC}
	EndGlobalSection
EndGlobal
